
Microsoft Visual Studio Solution File, Format Version 12.00
# Visual Studio Version 17
VisualStudioVersion = 17.6.33829.357
MinimumVisualStudioVersion = 10.0.40219.1
Project("{8BC9CEB8-8B4A-11D0-8D11-00A0C91BC942}") = "Homework_cppl_10_02", "Homework_cppl_10_02.vcxproj", "{EF6A13AB-9AC5-415C-8F65-6A94F66E5B3B}"
EndProject
Global
	GlobalSection(SolutionConfigurationPlatforms) = preSolution
		Debug|x64 = Debug|x64
		Debug|x86 = Debug|x86
		Release|x64 = Release|x64
		Release|x86 = Release|x86
	EndGlobalSection
	GlobalSection(ProjectConfigurationPlatforms) = postSolution
		{EF6A13AB-9AC5-415C-8F65-6A94F66E5B3B}.Debug|x64.ActiveCfg = Debug|x64
		{EF6A13AB-9AC5-415C-8F65-6A94F66E5B3B}.Debug|x64.Build.0 = Debug|x64
		{EF6A13AB-9AC5-415C-8F65-6A94F66E5B3B}.Debug|x86.ActiveCfg = Debug|Win32
		{EF6A13AB-9AC5-415C-8F65-6A94F66E5B3B}.Debug|x86.Build.0 = Debug|Win32
		{EF6A13AB-9AC5-415C-8F65-6A94F66E5B3B}.Release|x64.ActiveCfg = Release|x64
		{EF6A13AB-9AC5-415C-8F65-6A94F66E5B3B}.Release|x64.Build.0 = Release|x64
		{EF6A13AB-9AC5-415C-8F65-6A94F66E5B3B}.Release|x86.ActiveCfg = Release|Win32
		{EF6A13AB-9AC5-415C-8F65-6A94F66E5B3B}.Release|x86.Build.0 = Release|Win32
	EndGlobalSection
	GlobalSection(SolutionProperties) = preSolution
		HideSolutionNode = FALSE
	EndGlobalSection
	GlobalSection(ExtensibilityGlobals) = postSolution
		SolutionGuid = {954B03A1-7458-4A24-889C-B94EE63BCB50}
	EndGlobalSection
EndGlobal
